
Microsoft Visual Studio Solution File, Format Version 12.00
# Visual Studio Version 16
VisualStudioVersion = 16.0.32228.343
MinimumVisualStudioVersion = 10.0.40219.1
Project("{FAE04EC0-301F-11D3-BF4B-00C04F79EFBC}") = "GameProject", "GameProject\GameProject.csproj", "{082BD1D1-076D-4DDA-8E52-60CAD9FF4894}"
EndProject
Global
	GlobalSection(SolutionConfigurationPlatforms) = preSolution
		Debug|Any CPU = Debug|Any CPU
		Release|Any CPU = Release|Any CPU
	EndGlobalSection
	GlobalSection(ProjectConfigurationPlatforms) = postSolution
		{082BD1D1-076D-4DDA-8E52-60CAD9FF4894}.Debug|Any CPU.ActiveCfg = Debug|Any CPU
		{082BD1D1-076D-4DDA-8E52-60CAD9FF4894}.Debug|Any CPU.Build.0 = Debug|Any CPU
		{082BD1D1-076D-4DDA-8E52-60CAD9FF4894}.Release|Any CPU.ActiveCfg = Release|Any CPU
		{082BD1D1-076D-4DDA-8E52-60CAD9FF4894}.Release|Any CPU.Build.0 = Release|Any CPU
	EndGlobalSection
	GlobalSection(SolutionProperties) = preSolution
		HideSolutionNode = FALSE
	EndGlobalSection
	GlobalSection(ExtensibilityGlobals) = postSolution
		SolutionGuid = {F5EC6B69-FF76-455F-A6E5-11C4F64359F8}
	EndGlobalSection
EndGlobal
